// !$*UTF8*$!
{
	archiveVersion = 1;
	classes = {
	};
	objectVersion = 51;
	objects = {

/* Begin PBXBuildFile section */
		2EDAD7A6080D9486C98C557C /* Pods_CurrencyTests.framework in Frameworks */ = {isa = PBXBuildFile; fileRef = F9352874548AC522BED96F2D /* Pods_CurrencyTests.framework */; };
		3DA1BE472309CA7100AA7C09 /* RateEntity.swift in Sources */ = {isa = PBXBuildFile; fileRef = 3DA1BE462309CA7100AA7C09 /* RateEntity.swift */; };
		3DA1BE492309CB9200AA7C09 /* LandingPageModel.swift in Sources */ = {isa = PBXBuildFile; fileRef = 3DA1BE482309CB9200AA7C09 /* LandingPageModel.swift */; };
		3DA1BE4B2309CBD900AA7C09 /* RateModel.swift in Sources */ = {isa = PBXBuildFile; fileRef = 3DA1BE4A2309CBD900AA7C09 /* RateModel.swift */; };
		3DA1BE4D2309CC0500AA7C09 /* LandingPageView.swift in Sources */ = {isa = PBXBuildFile; fileRef = 3DA1BE4C2309CC0500AA7C09 /* LandingPageView.swift */; };
		3DA1BE4F2309CC3500AA7C09 /* RateView.swift in Sources */ = {isa = PBXBuildFile; fileRef = 3DA1BE4E2309CC3500AA7C09 /* RateView.swift */; };
		3DA1BE512309CC6100AA7C09 /* EndpointProxy.swift in Sources */ = {isa = PBXBuildFile; fileRef = 3DA1BE502309CC6100AA7C09 /* EndpointProxy.swift */; };
		3DA1BE542309CC8300AA7C09 /* Resource.swift in Sources */ = {isa = PBXBuildFile; fileRef = 3DA1BE532309CC8300AA7C09 /* Resource.swift */; };
		3DA1BE562309CD2500AA7C09 /* EndpointProxyImp.swift in Sources */ = {isa = PBXBuildFile; fileRef = 3DA1BE552309CD2500AA7C09 /* EndpointProxyImp.swift */; };
		3DA1BE582309CD8800AA7C09 /* EndpointRequestable.swift in Sources */ = {isa = PBXBuildFile; fileRef = 3DA1BE572309CD8800AA7C09 /* EndpointRequestable.swift */; };
		3DA1BE5A2309CE7100AA7C09 /* RateResponse.swift in Sources */ = {isa = PBXBuildFile; fileRef = 3DA1BE592309CE7100AA7C09 /* RateResponse.swift */; };
		3DA1BE5C2309CED400AA7C09 /* Endpoint.swift in Sources */ = {isa = PBXBuildFile; fileRef = 3DA1BE5B2309CED400AA7C09 /* Endpoint.swift */; };
		3DA1BE5E2309CF2000AA7C09 /* EndpointImp.swift in Sources */ = {isa = PBXBuildFile; fileRef = 3DA1BE5D2309CF2000AA7C09 /* EndpointImp.swift */; };
		3DA1BE612309D46000AA7C09 /* CountryCurrenciesRepository.swift in Sources */ = {isa = PBXBuildFile; fileRef = 3DA1BE602309D46000AA7C09 /* CountryCurrenciesRepository.swift */; };
		3DA1BE632309D46C00AA7C09 /* RateRepository.swift in Sources */ = {isa = PBXBuildFile; fileRef = 3DA1BE622309D46C00AA7C09 /* RateRepository.swift */; };
		3DA1BE652309D4CA00AA7C09 /* RateRepositoryImp.swift in Sources */ = {isa = PBXBuildFile; fileRef = 3DA1BE642309D4CA00AA7C09 /* RateRepositoryImp.swift */; };
		3DA1BE672309D54000AA7C09 /* CountryCurrenciesRepositoryImp.swift in Sources */ = {isa = PBXBuildFile; fileRef = 3DA1BE662309D54000AA7C09 /* CountryCurrenciesRepositoryImp.swift */; };
		3DA1BE6A2309D5A900AA7C09 /* CurrencyToFlagUrlManager.swift in Sources */ = {isa = PBXBuildFile; fileRef = 3DA1BE692309D5A900AA7C09 /* CurrencyToFlagUrlManager.swift */; };
		3DA1BE6C2309D5FC00AA7C09 /* CurrencyToCountryManager.swift in Sources */ = {isa = PBXBuildFile; fileRef = 3DA1BE6B2309D5FC00AA7C09 /* CurrencyToCountryManager.swift */; };
		3DA1BE6E2309D6A500AA7C09 /* CurrencyToCountryManagerImp.swift in Sources */ = {isa = PBXBuildFile; fileRef = 3DA1BE6D2309D6A500AA7C09 /* CurrencyToCountryManagerImp.swift */; };
		3DA1BE702309D84600AA7C09 /* CurrencyToFlagUrlManagerImp.swift in Sources */ = {isa = PBXBuildFile; fileRef = 3DA1BE6F2309D84600AA7C09 /* CurrencyToFlagUrlManagerImp.swift */; };
		3DA1BE732309D97A00AA7C09 /* RateChangeDelegate.swift in Sources */ = {isa = PBXBuildFile; fileRef = 3DA1BE722309D97A00AA7C09 /* RateChangeDelegate.swift */; };
		3DA1BE752309D9AC00AA7C09 /* RatesChangeDelegate.swift in Sources */ = {isa = PBXBuildFile; fileRef = 3DA1BE742309D9AC00AA7C09 /* RatesChangeDelegate.swift */; };
		3DA1BE772309D9E000AA7C09 /* RateManager.swift in Sources */ = {isa = PBXBuildFile; fileRef = 3DA1BE762309D9E000AA7C09 /* RateManager.swift */; };
		3DA1BE792309DACC00AA7C09 /* RateManagerImp.swift in Sources */ = {isa = PBXBuildFile; fileRef = 3DA1BE782309DACC00AA7C09 /* RateManagerImp.swift */; };
		3DFD8CDF23043BAA003BEFA7 /* AppDelegate.swift in Sources */ = {isa = PBXBuildFile; fileRef = 3DFD8CDE23043BAA003BEFA7 /* AppDelegate.swift */; };
		3DFD8CE123043BAA003BEFA7 /* ViewController.swift in Sources */ = {isa = PBXBuildFile; fileRef = 3DFD8CE023043BAA003BEFA7 /* ViewController.swift */; };
		3DFD8CE423043BAA003BEFA7 /* Main.storyboard in Resources */ = {isa = PBXBuildFile; fileRef = 3DFD8CE223043BAA003BEFA7 /* Main.storyboard */; };
		3DFD8CE623043BAB003BEFA7 /* Assets.xcassets in Resources */ = {isa = PBXBuildFile; fileRef = 3DFD8CE523043BAB003BEFA7 /* Assets.xcassets */; };
		3DFD8CE923043BAB003BEFA7 /* LaunchScreen.storyboard in Resources */ = {isa = PBXBuildFile; fileRef = 3DFD8CE723043BAB003BEFA7 /* LaunchScreen.storyboard */; };
		3DFD8CF423043BAC003BEFA7 /* CurrencyTests.swift in Sources */ = {isa = PBXBuildFile; fileRef = 3DFD8CF323043BAC003BEFA7 /* CurrencyTests.swift */; };
		3DFD8CFF23043BAC003BEFA7 /* CurrencyUITests.swift in Sources */ = {isa = PBXBuildFile; fileRef = 3DFD8CFE23043BAC003BEFA7 /* CurrencyUITests.swift */; };
		435FC00E62A107BA716A96DF /* Pods_CurrencyUITests.framework in Frameworks */ = {isa = PBXBuildFile; fileRef = AB13B94BB5C3CB99D1D4763C /* Pods_CurrencyUITests.framework */; };
		9DF6D381E938B921544C099D /* Pods_Currency.framework in Frameworks */ = {isa = PBXBuildFile; fileRef = 70E40A4200E80CA5828A6E07 /* Pods_Currency.framework */; };
/* End PBXBuildFile section */

/* Begin PBXContainerItemProxy section */
		3DFD8CF023043BAC003BEFA7 /* PBXContainerItemProxy */ = {
			isa = PBXContainerItemProxy;
			containerPortal = 3DFD8CD323043BA9003BEFA7 /* Project object */;
			proxyType = 1;
			remoteGlobalIDString = 3DFD8CDA23043BAA003BEFA7;
			remoteInfo = Currency;
		};
		3DFD8CFB23043BAC003BEFA7 /* PBXContainerItemProxy */ = {
			isa = PBXContainerItemProxy;
			containerPortal = 3DFD8CD323043BA9003BEFA7 /* Project object */;
			proxyType = 1;
			remoteGlobalIDString = 3DFD8CDA23043BAA003BEFA7;
			remoteInfo = Currency;
		};
/* End PBXContainerItemProxy section */

/* Begin PBXFileReference section */
		0A73A3B93FABA9813FFB743A /* Pods-CurrencyUITests.debug.xcconfig */ = {isa = PBXFileReference; includeInIndex = 1; lastKnownFileType = text.xcconfig; name = "Pods-CurrencyUITests.debug.xcconfig"; path = "Target Support Files/Pods-CurrencyUITests/Pods-CurrencyUITests.debug.xcconfig"; sourceTree = "<group>"; };
		0E9316D1E9E6996A572C590C /* Pods-Currency.release.xcconfig */ = {isa = PBXFileReference; includeInIndex = 1; lastKnownFileType = text.xcconfig; name = "Pods-Currency.release.xcconfig"; path = "Target Support Files/Pods-Currency/Pods-Currency.release.xcconfig"; sourceTree = "<group>"; };
		2BB3BFE04CBA5EE821F84210 /* Pods-CurrencyTests.release.xcconfig */ = {isa = PBXFileReference; includeInIndex = 1; lastKnownFileType = text.xcconfig; name = "Pods-CurrencyTests.release.xcconfig"; path = "Target Support Files/Pods-CurrencyTests/Pods-CurrencyTests.release.xcconfig"; sourceTree = "<group>"; };
		35300AD3F15E91B3798996F6 /* Pods-CurrencyTests.debug.xcconfig */ = {isa = PBXFileReference; includeInIndex = 1; lastKnownFileType = text.xcconfig; name = "Pods-CurrencyTests.debug.xcconfig"; path = "Target Support Files/Pods-CurrencyTests/Pods-CurrencyTests.debug.xcconfig"; sourceTree = "<group>"; };
		3DA1BE462309CA7100AA7C09 /* RateEntity.swift */ = {isa = PBXFileReference; lastKnownFileType = sourcecode.swift; path = RateEntity.swift; sourceTree = "<group>"; };
		3DA1BE482309CB9200AA7C09 /* LandingPageModel.swift */ = {isa = PBXFileReference; lastKnownFileType = sourcecode.swift; path = LandingPageModel.swift; sourceTree = "<group>"; };
		3DA1BE4A2309CBD900AA7C09 /* RateModel.swift */ = {isa = PBXFileReference; lastKnownFileType = sourcecode.swift; path = RateModel.swift; sourceTree = "<group>"; };
		3DA1BE4C2309CC0500AA7C09 /* LandingPageView.swift */ = {isa = PBXFileReference; lastKnownFileType = sourcecode.swift; path = LandingPageView.swift; sourceTree = "<group>"; };
		3DA1BE4E2309CC3500AA7C09 /* RateView.swift */ = {isa = PBXFileReference; lastKnownFileType = sourcecode.swift; path = RateView.swift; sourceTree = "<group>"; };
		3DA1BE502309CC6100AA7C09 /* EndpointProxy.swift */ = {isa = PBXFileReference; lastKnownFileType = sourcecode.swift; path = EndpointProxy.swift; sourceTree = "<group>"; };
		3DA1BE532309CC8300AA7C09 /* Resource.swift */ = {isa = PBXFileReference; lastKnownFileType = sourcecode.swift; path = Resource.swift; sourceTree = "<group>"; };
		3DA1BE552309CD2500AA7C09 /* EndpointProxyImp.swift */ = {isa = PBXFileReference; lastKnownFileType = sourcecode.swift; path = EndpointProxyImp.swift; sourceTree = "<group>"; };
		3DA1BE572309CD8800AA7C09 /* EndpointRequestable.swift */ = {isa = PBXFileReference; lastKnownFileType = sourcecode.swift; path = EndpointRequestable.swift; sourceTree = "<group>"; };
		3DA1BE592309CE7100AA7C09 /* RateResponse.swift */ = {isa = PBXFileReference; lastKnownFileType = sourcecode.swift; path = RateResponse.swift; sourceTree = "<group>"; };
		3DA1BE5B2309CED400AA7C09 /* Endpoint.swift */ = {isa = PBXFileReference; lastKnownFileType = sourcecode.swift; path = Endpoint.swift; sourceTree = "<group>"; };
		3DA1BE5D2309CF2000AA7C09 /* EndpointImp.swift */ = {isa = PBXFileReference; lastKnownFileType = sourcecode.swift; path = EndpointImp.swift; sourceTree = "<group>"; };
		3DA1BE602309D46000AA7C09 /* CountryCurrenciesRepository.swift */ = {isa = PBXFileReference; lastKnownFileType = sourcecode.swift; path = CountryCurrenciesRepository.swift; sourceTree = "<group>"; };
		3DA1BE622309D46C00AA7C09 /* RateRepository.swift */ = {isa = PBXFileReference; lastKnownFileType = sourcecode.swift; path = RateRepository.swift; sourceTree = "<group>"; };
		3DA1BE642309D4CA00AA7C09 /* RateRepositoryImp.swift */ = {isa = PBXFileReference; lastKnownFileType = sourcecode.swift; path = RateRepositoryImp.swift; sourceTree = "<group>"; };
		3DA1BE662309D54000AA7C09 /* CountryCurrenciesRepositoryImp.swift */ = {isa = PBXFileReference; lastKnownFileType = sourcecode.swift; path = CountryCurrenciesRepositoryImp.swift; sourceTree = "<group>"; };
		3DA1BE692309D5A900AA7C09 /* CurrencyToFlagUrlManager.swift */ = {isa = PBXFileReference; lastKnownFileType = sourcecode.swift; path = CurrencyToFlagUrlManager.swift; sourceTree = "<group>"; };
		3DA1BE6B2309D5FC00AA7C09 /* CurrencyToCountryManager.swift */ = {isa = PBXFileReference; lastKnownFileType = sourcecode.swift; path = CurrencyToCountryManager.swift; sourceTree = "<group>"; };
		3DA1BE6D2309D6A500AA7C09 /* CurrencyToCountryManagerImp.swift */ = {isa = PBXFileReference; lastKnownFileType = sourcecode.swift; path = CurrencyToCountryManagerImp.swift; sourceTree = "<group>"; };
		3DA1BE6F2309D84600AA7C09 /* CurrencyToFlagUrlManagerImp.swift */ = {isa = PBXFileReference; lastKnownFileType = sourcecode.swift; path = CurrencyToFlagUrlManagerImp.swift; sourceTree = "<group>"; };
		3DA1BE722309D97A00AA7C09 /* RateChangeDelegate.swift */ = {isa = PBXFileReference; lastKnownFileType = sourcecode.swift; path = RateChangeDelegate.swift; sourceTree = "<group>"; };
		3DA1BE742309D9AC00AA7C09 /* RatesChangeDelegate.swift */ = {isa = PBXFileReference; lastKnownFileType = sourcecode.swift; path = RatesChangeDelegate.swift; sourceTree = "<group>"; };
		3DA1BE762309D9E000AA7C09 /* RateManager.swift */ = {isa = PBXFileReference; lastKnownFileType = sourcecode.swift; path = RateManager.swift; sourceTree = "<group>"; };
		3DA1BE782309DACC00AA7C09 /* RateManagerImp.swift */ = {isa = PBXFileReference; lastKnownFileType = sourcecode.swift; path = RateManagerImp.swift; sourceTree = "<group>"; };
		3DFD8CDB23043BAA003BEFA7 /* Currency.app */ = {isa = PBXFileReference; explicitFileType = wrapper.application; includeInIndex = 0; path = Currency.app; sourceTree = BUILT_PRODUCTS_DIR; };
		3DFD8CDE23043BAA003BEFA7 /* AppDelegate.swift */ = {isa = PBXFileReference; lastKnownFileType = sourcecode.swift; path = AppDelegate.swift; sourceTree = "<group>"; };
		3DFD8CE023043BAA003BEFA7 /* ViewController.swift */ = {isa = PBXFileReference; lastKnownFileType = sourcecode.swift; path = ViewController.swift; sourceTree = "<group>"; };
		3DFD8CE323043BAA003BEFA7 /* Base */ = {isa = PBXFileReference; lastKnownFileType = file.storyboard; name = Base; path = Base.lproj/Main.storyboard; sourceTree = "<group>"; };
		3DFD8CE523043BAB003BEFA7 /* Assets.xcassets */ = {isa = PBXFileReference; lastKnownFileType = folder.assetcatalog; path = Assets.xcassets; sourceTree = "<group>"; };
		3DFD8CE823043BAB003BEFA7 /* Base */ = {isa = PBXFileReference; lastKnownFileType = file.storyboard; name = Base; path = Base.lproj/LaunchScreen.storyboard; sourceTree = "<group>"; };
		3DFD8CEA23043BAB003BEFA7 /* Info.plist */ = {isa = PBXFileReference; lastKnownFileType = text.plist.xml; path = Info.plist; sourceTree = "<group>"; };
		3DFD8CEF23043BAC003BEFA7 /* CurrencyTests.xctest */ = {isa = PBXFileReference; explicitFileType = wrapper.cfbundle; includeInIndex = 0; path = CurrencyTests.xctest; sourceTree = BUILT_PRODUCTS_DIR; };
		3DFD8CF323043BAC003BEFA7 /* CurrencyTests.swift */ = {isa = PBXFileReference; lastKnownFileType = sourcecode.swift; path = CurrencyTests.swift; sourceTree = "<group>"; };
		3DFD8CF523043BAC003BEFA7 /* Info.plist */ = {isa = PBXFileReference; lastKnownFileType = text.plist.xml; path = Info.plist; sourceTree = "<group>"; };
		3DFD8CFA23043BAC003BEFA7 /* CurrencyUITests.xctest */ = {isa = PBXFileReference; explicitFileType = wrapper.cfbundle; includeInIndex = 0; path = CurrencyUITests.xctest; sourceTree = BUILT_PRODUCTS_DIR; };
		3DFD8CFE23043BAC003BEFA7 /* CurrencyUITests.swift */ = {isa = PBXFileReference; lastKnownFileType = sourcecode.swift; path = CurrencyUITests.swift; sourceTree = "<group>"; };
		3DFD8D0023043BAC003BEFA7 /* Info.plist */ = {isa = PBXFileReference; lastKnownFileType = text.plist.xml; path = Info.plist; sourceTree = "<group>"; };
		53A615223B0E7798FAD0B6CC /* Pods-CurrencyUITests.release.xcconfig */ = {isa = PBXFileReference; includeInIndex = 1; lastKnownFileType = text.xcconfig; name = "Pods-CurrencyUITests.release.xcconfig"; path = "Target Support Files/Pods-CurrencyUITests/Pods-CurrencyUITests.release.xcconfig"; sourceTree = "<group>"; };
		70E40A4200E80CA5828A6E07 /* Pods_Currency.framework */ = {isa = PBXFileReference; explicitFileType = wrapper.framework; includeInIndex = 0; path = Pods_Currency.framework; sourceTree = BUILT_PRODUCTS_DIR; };
		81AE61EF3116EA566CE970E4 /* Pods-Currency.debug.xcconfig */ = {isa = PBXFileReference; includeInIndex = 1; lastKnownFileType = text.xcconfig; name = "Pods-Currency.debug.xcconfig"; path = "Target Support Files/Pods-Currency/Pods-Currency.debug.xcconfig"; sourceTree = "<group>"; };
		AB13B94BB5C3CB99D1D4763C /* Pods_CurrencyUITests.framework */ = {isa = PBXFileReference; explicitFileType = wrapper.framework; includeInIndex = 0; path = Pods_CurrencyUITests.framework; sourceTree = BUILT_PRODUCTS_DIR; };
		F9352874548AC522BED96F2D /* Pods_CurrencyTests.framework */ = {isa = PBXFileReference; explicitFileType = wrapper.framework; includeInIndex = 0; path = Pods_CurrencyTests.framework; sourceTree = BUILT_PRODUCTS_DIR; };
/* End PBXFileReference section */

/* Begin PBXFrameworksBuildPhase section */
		3DFD8CD823043BAA003BEFA7 /* Frameworks */ = {
			isa = PBXFrameworksBuildPhase;
			buildActionMask = 2147483647;
			files = (
				9DF6D381E938B921544C099D /* Pods_Currency.framework in Frameworks */,
			);
			runOnlyForDeploymentPostprocessing = 0;
		};
		3DFD8CEC23043BAC003BEFA7 /* Frameworks */ = {
			isa = PBXFrameworksBuildPhase;
			buildActionMask = 2147483647;
			files = (
				2EDAD7A6080D9486C98C557C /* Pods_CurrencyTests.framework in Frameworks */,
			);
			runOnlyForDeploymentPostprocessing = 0;
		};
		3DFD8CF723043BAC003BEFA7 /* Frameworks */ = {
			isa = PBXFrameworksBuildPhase;
			buildActionMask = 2147483647;
			files = (
				435FC00E62A107BA716A96DF /* Pods_CurrencyUITests.framework in Frameworks */,
			);
			runOnlyForDeploymentPostprocessing = 0;
		};
/* End PBXFrameworksBuildPhase section */

/* Begin PBXGroup section */
		3DA1BE3D2309A56C00AA7C09 /* Common */ = {
			isa = PBXGroup;
			children = (
				3DA1BE682309D58600AA7C09 /* Manager */,
				3DA1BE5F2309D44B00AA7C09 /* Repo */,
			);
			path = Common;
			sourceTree = "<group>";
		};
		3DA1BE3E2309A57E00AA7C09 /* Model */ = {
			isa = PBXGroup;
			children = (
				3DA1BE452309CA1100AA7C09 /* Event */,
				3DA1BE442309CA0900AA7C09 /* Intent */,
				3DA1BE432309C9FE00AA7C09 /* Entity */,
				3DA1BE482309CB9200AA7C09 /* LandingPageModel.swift */,
				3DA1BE4A2309CBD900AA7C09 /* RateModel.swift */,
			);
			path = Model;
			sourceTree = "<group>";
		};
		3DA1BE3F2309A58400AA7C09 /* Util */ = {
			isa = PBXGroup;
			children = (
			);
			path = Util;
			sourceTree = "<group>";
		};
		3DA1BE402309A58A00AA7C09 /* Net */ = {
			isa = PBXGroup;
			children = (
				3DA1BE522309CC7900AA7C09 /* Model */,
				3DA1BE502309CC6100AA7C09 /* EndpointProxy.swift */,
				3DA1BE552309CD2500AA7C09 /* EndpointProxyImp.swift */,
				3DA1BE572309CD8800AA7C09 /* EndpointRequestable.swift */,
				3DA1BE5B2309CED400AA7C09 /* Endpoint.swift */,
				3DA1BE5D2309CF2000AA7C09 /* EndpointImp.swift */,
			);
			path = Net;
			sourceTree = "<group>";
		};
		3DA1BE412309A5B000AA7C09 /* View */ = {
			isa = PBXGroup;
			children = (
				3DA1BE4C2309CC0500AA7C09 /* LandingPageView.swift */,
				3DA1BE4E2309CC3500AA7C09 /* RateView.swift */,
			);
			path = View;
			sourceTree = "<group>";
		};
		3DA1BE422309A5B600AA7C09 /* VM */ = {
			isa = PBXGroup;
			children = (
			);
			path = VM;
			sourceTree = "<group>";
		};
		3DA1BE432309C9FE00AA7C09 /* Entity */ = {
			isa = PBXGroup;
			children = (
				3DA1BE462309CA7100AA7C09 /* RateEntity.swift */,
			);
			path = Entity;
			sourceTree = "<group>";
		};
		3DA1BE442309CA0900AA7C09 /* Intent */ = {
			isa = PBXGroup;
			children = (
			);
			path = Intent;
			sourceTree = "<group>";
		};
		3DA1BE452309CA1100AA7C09 /* Event */ = {
			isa = PBXGroup;
			children = (
			);
			path = Event;
			sourceTree = "<group>";
		};
		3DA1BE522309CC7900AA7C09 /* Model */ = {
			isa = PBXGroup;
			children = (
				3DA1BE532309CC8300AA7C09 /* Resource.swift */,
				3DA1BE592309CE7100AA7C09 /* RateResponse.swift */,
			);
			path = Model;
			sourceTree = "<group>";
		};
		3DA1BE5F2309D44B00AA7C09 /* Repo */ = {
			isa = PBXGroup;
			children = (
				3DA1BE602309D46000AA7C09 /* CountryCurrenciesRepository.swift */,
				3DA1BE622309D46C00AA7C09 /* RateRepository.swift */,
				3DA1BE642309D4CA00AA7C09 /* RateRepositoryImp.swift */,
				3DA1BE662309D54000AA7C09 /* CountryCurrenciesRepositoryImp.swift */,
			);
			path = Repo;
			sourceTree = "<group>";
		};
		3DA1BE682309D58600AA7C09 /* Manager */ = {
			isa = PBXGroup;
			children = (
				3DA1BE712309D96C00AA7C09 /* Delegate */,
				3DA1BE692309D5A900AA7C09 /* CurrencyToFlagUrlManager.swift */,
				3DA1BE6B2309D5FC00AA7C09 /* CurrencyToCountryManager.swift */,
				3DA1BE6D2309D6A500AA7C09 /* CurrencyToCountryManagerImp.swift */,
				3DA1BE6F2309D84600AA7C09 /* CurrencyToFlagUrlManagerImp.swift */,
				3DA1BE762309D9E000AA7C09 /* RateManager.swift */,
				3DA1BE782309DACC00AA7C09 /* RateManagerImp.swift */,
			);
			path = Manager;
			sourceTree = "<group>";
		};
		3DA1BE712309D96C00AA7C09 /* Delegate */ = {
			isa = PBXGroup;
			children = (
				3DA1BE722309D97A00AA7C09 /* RateChangeDelegate.swift */,
				3DA1BE742309D9AC00AA7C09 /* RatesChangeDelegate.swift */,
			);
			path = Delegate;
			sourceTree = "<group>";
		};
		3DFD8CD223043BA9003BEFA7 = {
			isa = PBXGroup;
			children = (
				3DFD8CDD23043BAA003BEFA7 /* Currency */,
				3DFD8CF223043BAC003BEFA7 /* CurrencyTests */,
				3DFD8CFD23043BAC003BEFA7 /* CurrencyUITests */,
				3DFD8CDC23043BAA003BEFA7 /* Products */,
				B12EC32E34A61D6E192FC119 /* Pods */,
				C868CABBFB5380A273C6788D /* Frameworks */,
			);
			sourceTree = "<group>";
		};
		3DFD8CDC23043BAA003BEFA7 /* Products */ = {
			isa = PBXGroup;
			children = (
				3DFD8CDB23043BAA003BEFA7 /* Currency.app */,
				3DFD8CEF23043BAC003BEFA7 /* CurrencyTests.xctest */,
				3DFD8CFA23043BAC003BEFA7 /* CurrencyUITests.xctest */,
			);
			name = Products;
			sourceTree = "<group>";
		};
		3DFD8CDD23043BAA003BEFA7 /* Currency */ = {
			isa = PBXGroup;
			children = (
				3DA1BE422309A5B600AA7C09 /* VM */,
				3DA1BE412309A5B000AA7C09 /* View */,
				3DA1BE402309A58A00AA7C09 /* Net */,
				3DA1BE3F2309A58400AA7C09 /* Util */,
				3DA1BE3E2309A57E00AA7C09 /* Model */,
				3DA1BE3D2309A56C00AA7C09 /* Common */,
				3DFD8CDE23043BAA003BEFA7 /* AppDelegate.swift */,
				3DFD8CE023043BAA003BEFA7 /* ViewController.swift */,
				3DFD8CE223043BAA003BEFA7 /* Main.storyboard */,
				3DFD8CE523043BAB003BEFA7 /* Assets.xcassets */,
				3DFD8CE723043BAB003BEFA7 /* LaunchScreen.storyboard */,
				3DFD8CEA23043BAB003BEFA7 /* Info.plist */,
			);
			path = Currency;
			sourceTree = "<group>";
		};
		3DFD8CF223043BAC003BEFA7 /* CurrencyTests */ = {
			isa = PBXGroup;
			children = (
				3DFD8CF323043BAC003BEFA7 /* CurrencyTests.swift */,
				3DFD8CF523043BAC003BEFA7 /* Info.plist */,
			);
			path = CurrencyTests;
			sourceTree = "<group>";
		};
		3DFD8CFD23043BAC003BEFA7 /* CurrencyUITests */ = {
			isa = PBXGroup;
			children = (
				3DFD8CFE23043BAC003BEFA7 /* CurrencyUITests.swift */,
				3DFD8D0023043BAC003BEFA7 /* Info.plist */,
			);
			path = CurrencyUITests;
			sourceTree = "<group>";
		};
		B12EC32E34A61D6E192FC119 /* Pods */ = {
			isa = PBXGroup;
			children = (
				81AE61EF3116EA566CE970E4 /* Pods-Currency.debug.xcconfig */,
				0E9316D1E9E6996A572C590C /* Pods-Currency.release.xcconfig */,
				35300AD3F15E91B3798996F6 /* Pods-CurrencyTests.debug.xcconfig */,
				2BB3BFE04CBA5EE821F84210 /* Pods-CurrencyTests.release.xcconfig */,
				0A73A3B93FABA9813FFB743A /* Pods-CurrencyUITests.debug.xcconfig */,
				53A615223B0E7798FAD0B6CC /* Pods-CurrencyUITests.release.xcconfig */,
			);
			path = Pods;
			sourceTree = "<group>";
		};
		C868CABBFB5380A273C6788D /* Frameworks */ = {
			isa = PBXGroup;
			children = (
				70E40A4200E80CA5828A6E07 /* Pods_Currency.framework */,
				F9352874548AC522BED96F2D /* Pods_CurrencyTests.framework */,
				AB13B94BB5C3CB99D1D4763C /* Pods_CurrencyUITests.framework */,
			);
			name = Frameworks;
			sourceTree = "<group>";
		};
/* End PBXGroup section */

/* Begin PBXNativeTarget section */
		3DFD8CDA23043BAA003BEFA7 /* Currency */ = {
			isa = PBXNativeTarget;
			buildConfigurationList = 3DFD8D0323043BAC003BEFA7 /* Build configuration list for PBXNativeTarget "Currency" */;
			buildPhases = (
				7EC821EDC049F2BC90A04EDB /* [CP] Check Pods Manifest.lock */,
				3DFD8CD723043BAA003BEFA7 /* Sources */,
				3DFD8CD823043BAA003BEFA7 /* Frameworks */,
				3DFD8CD923043BAA003BEFA7 /* Resources */,
				2EFDC79EF7F00DAA5E7B2BDE /* [CP] Embed Pods Frameworks */,
			);
			buildRules = (
			);
			dependencies = (
			);
			name = Currency;
			productName = Currency;
			productReference = 3DFD8CDB23043BAA003BEFA7 /* Currency.app */;
			productType = "com.apple.product-type.application";
		};
		3DFD8CEE23043BAC003BEFA7 /* CurrencyTests */ = {
			isa = PBXNativeTarget;
			buildConfigurationList = 3DFD8D0623043BAC003BEFA7 /* Build configuration list for PBXNativeTarget "CurrencyTests" */;
			buildPhases = (
				DBFAF5ADE04C3EAC1682B2AC /* [CP] Check Pods Manifest.lock */,
				3DFD8CEB23043BAC003BEFA7 /* Sources */,
				3DFD8CEC23043BAC003BEFA7 /* Frameworks */,
				3DFD8CED23043BAC003BEFA7 /* Resources */,
			);
			buildRules = (
			);
			dependencies = (
				3DFD8CF123043BAC003BEFA7 /* PBXTargetDependency */,
			);
			name = CurrencyTests;
			productName = CurrencyTests;
			productReference = 3DFD8CEF23043BAC003BEFA7 /* CurrencyTests.xctest */;
			productType = "com.apple.product-type.bundle.unit-test";
		};
		3DFD8CF923043BAC003BEFA7 /* CurrencyUITests */ = {
			isa = PBXNativeTarget;
			buildConfigurationList = 3DFD8D0923043BAC003BEFA7 /* Build configuration list for PBXNativeTarget "CurrencyUITests" */;
			buildPhases = (
				1D5A111F3FD8C61CDF0A9617 /* [CP] Check Pods Manifest.lock */,
				3DFD8CF623043BAC003BEFA7 /* Sources */,
				3DFD8CF723043BAC003BEFA7 /* Frameworks */,
				3DFD8CF823043BAC003BEFA7 /* Resources */,
			);
			buildRules = (
			);
			dependencies = (
				3DFD8CFC23043BAC003BEFA7 /* PBXTargetDependency */,
			);
			name = CurrencyUITests;
			productName = CurrencyUITests;
			productReference = 3DFD8CFA23043BAC003BEFA7 /* CurrencyUITests.xctest */;
			productType = "com.apple.product-type.bundle.ui-testing";
		};
/* End PBXNativeTarget section */

/* Begin PBXProject section */
		3DFD8CD323043BA9003BEFA7 /* Project object */ = {
			isa = PBXProject;
			attributes = {
				LastSwiftUpdateCheck = 1030;
				LastUpgradeCheck = 1030;
				ORGANIZATIONNAME = "Fatih Şen";
				TargetAttributes = {
					3DFD8CDA23043BAA003BEFA7 = {
						CreatedOnToolsVersion = 10.3;
					};
					3DFD8CEE23043BAC003BEFA7 = {
						CreatedOnToolsVersion = 10.3;
						TestTargetID = 3DFD8CDA23043BAA003BEFA7;
					};
					3DFD8CF923043BAC003BEFA7 = {
						CreatedOnToolsVersion = 10.3;
						TestTargetID = 3DFD8CDA23043BAA003BEFA7;
					};
				};
			};
			buildConfigurationList = 3DFD8CD623043BA9003BEFA7 /* Build configuration list for PBXProject "Currency" */;
			compatibilityVersion = "Xcode 9.3";
			developmentRegion = en;
			hasScannedForEncodings = 0;
			knownRegions = (
				en,
				Base,
			);
			mainGroup = 3DFD8CD223043BA9003BEFA7;
			productRefGroup = 3DFD8CDC23043BAA003BEFA7 /* Products */;
			projectDirPath = "";
			projectRoot = "";
			targets = (
				3DFD8CDA23043BAA003BEFA7 /* Currency */,
				3DFD8CEE23043BAC003BEFA7 /* CurrencyTests */,
				3DFD8CF923043BAC003BEFA7 /* CurrencyUITests */,
			);
		};
/* End PBXProject section */

/* Begin PBXResourcesBuildPhase section */
		3DFD8CD923043BAA003BEFA7 /* Resources */ = {
			isa = PBXResourcesBuildPhase;
			buildActionMask = 2147483647;
			files = (
				3DFD8CE923043BAB003BEFA7 /* LaunchScreen.storyboard in Resources */,
				3DFD8CE623043BAB003BEFA7 /* Assets.xcassets in Resources */,
				3DFD8CE423043BAA003BEFA7 /* Main.storyboard in Resources */,
			);
			runOnlyForDeploymentPostprocessing = 0;
		};
		3DFD8CED23043BAC003BEFA7 /* Resources */ = {
			isa = PBXResourcesBuildPhase;
			buildActionMask = 2147483647;
			files = (
			);
			runOnlyForDeploymentPostprocessing = 0;
		};
		3DFD8CF823043BAC003BEFA7 /* Resources */ = {
			isa = PBXResourcesBuildPhase;
			buildActionMask = 2147483647;
			files = (
			);
			runOnlyForDeploymentPostprocessing = 0;
		};
/* End PBXResourcesBuildPhase section */

/* Begin PBXShellScriptBuildPhase section */
		1D5A111F3FD8C61CDF0A9617 /* [CP] Check Pods Manifest.lock */ = {
			isa = PBXShellScriptBuildPhase;
			buildActionMask = 2147483647;
			files = (
			);
			inputFileListPaths = (
			);
			inputPaths = (
				"${PODS_PODFILE_DIR_PATH}/Podfile.lock",
				"${PODS_ROOT}/Manifest.lock",
			);
			name = "[CP] Check Pods Manifest.lock";
			outputFileListPaths = (
			);
			outputPaths = (
				"$(DERIVED_FILE_DIR)/Pods-CurrencyUITests-checkManifestLockResult.txt",
			);
			runOnlyForDeploymentPostprocessing = 0;
			shellPath = /bin/sh;
			shellScript = "diff \"${PODS_PODFILE_DIR_PATH}/Podfile.lock\" \"${PODS_ROOT}/Manifest.lock\" > /dev/null\nif [ $? != 0 ] ; then\n    # print error to STDERR\n    echo \"error: The sandbox is not in sync with the Podfile.lock. Run 'pod install' or update your CocoaPods installation.\" >&2\n    exit 1\nfi\n# This output is used by Xcode 'outputs' to avoid re-running this script phase.\necho \"SUCCESS\" > \"${SCRIPT_OUTPUT_FILE_0}\"\n";
			showEnvVarsInLog = 0;
		};
		2EFDC79EF7F00DAA5E7B2BDE /* [CP] Embed Pods Frameworks */ = {
			isa = PBXShellScriptBuildPhase;
			buildActionMask = 2147483647;
			files = (
			);
			inputFileListPaths = (
				"${PODS_ROOT}/Target Support Files/Pods-Currency/Pods-Currency-frameworks-${CONFIGURATION}-input-files.xcfilelist",
			);
			name = "[CP] Embed Pods Frameworks";
			outputFileListPaths = (
				"${PODS_ROOT}/Target Support Files/Pods-Currency/Pods-Currency-frameworks-${CONFIGURATION}-output-files.xcfilelist",
			);
			runOnlyForDeploymentPostprocessing = 0;
			shellPath = /bin/sh;
			shellScript = "\"${PODS_ROOT}/Target Support Files/Pods-Currency/Pods-Currency-frameworks.sh\"\n";
			showEnvVarsInLog = 0;
		};
		7EC821EDC049F2BC90A04EDB /* [CP] Check Pods Manifest.lock */ = {
			isa = PBXShellScriptBuildPhase;
			buildActionMask = 2147483647;
			files = (
			);
			inputFileListPaths = (
			);
			inputPaths = (
				"${PODS_PODFILE_DIR_PATH}/Podfile.lock",
				"${PODS_ROOT}/Manifest.lock",
			);
			name = "[CP] Check Pods Manifest.lock";
			outputFileListPaths = (
			);
			outputPaths = (
				"$(DERIVED_FILE_DIR)/Pods-Currency-checkManifestLockResult.txt",
			);
			runOnlyForDeploymentPostprocessing = 0;
			shellPath = /bin/sh;
			shellScript = "diff \"${PODS_PODFILE_DIR_PATH}/Podfile.lock\" \"${PODS_ROOT}/Manifest.lock\" > /dev/null\nif [ $? != 0 ] ; then\n    # print error to STDERR\n    echo \"error: The sandbox is not in sync with the Podfile.lock. Run 'pod install' or update your CocoaPods installation.\" >&2\n    exit 1\nfi\n# This output is used by Xcode 'outputs' to avoid re-running this script phase.\necho \"SUCCESS\" > \"${SCRIPT_OUTPUT_FILE_0}\"\n";
			showEnvVarsInLog = 0;
		};
		DBFAF5ADE04C3EAC1682B2AC /* [CP] Check Pods Manifest.lock */ = {
			isa = PBXShellScriptBuildPhase;
			buildActionMask = 2147483647;
			files = (
			);
			inputFileListPaths = (
			);
			inputPaths = (
				"${PODS_PODFILE_DIR_PATH}/Podfile.lock",
				"${PODS_ROOT}/Manifest.lock",
			);
			name = "[CP] Check Pods Manifest.lock";
			outputFileListPaths = (
			);
			outputPaths = (
				"$(DERIVED_FILE_DIR)/Pods-CurrencyTests-checkManifestLockResult.txt",
			);
			runOnlyForDeploymentPostprocessing = 0;
			shellPath = /bin/sh;
			shellScript = "diff \"${PODS_PODFILE_DIR_PATH}/Podfile.lock\" \"${PODS_ROOT}/Manifest.lock\" > /dev/null\nif [ $? != 0 ] ; then\n    # print error to STDERR\n    echo \"error: The sandbox is not in sync with the Podfile.lock. Run 'pod install' or update your CocoaPods installation.\" >&2\n    exit 1\nfi\n# This output is used by Xcode 'outputs' to avoid re-running this script phase.\necho \"SUCCESS\" > \"${SCRIPT_OUTPUT_FILE_0}\"\n";
			showEnvVarsInLog = 0;
		};
/* End PBXShellScriptBuildPhase section */

/* Begin PBXSourcesBuildPhase section */
		3DFD8CD723043BAA003BEFA7 /* Sources */ = {
			isa = PBXSourcesBuildPhase;
			buildActionMask = 2147483647;
			files = (
				3DA1BE612309D46000AA7C09 /* CountryCurrenciesRepository.swift in Sources */,
				3DA1BE582309CD8800AA7C09 /* EndpointRequestable.swift in Sources */,
				3DA1BE772309D9E000AA7C09 /* RateManager.swift in Sources */,
				3DA1BE5E2309CF2000AA7C09 /* EndpointImp.swift in Sources */,
				3DA1BE652309D4CA00AA7C09 /* RateRepositoryImp.swift in Sources */,
				3DA1BE6E2309D6A500AA7C09 /* CurrencyToCountryManagerImp.swift in Sources */,
				3DA1BE542309CC8300AA7C09 /* Resource.swift in Sources */,
				3DA1BE492309CB9200AA7C09 /* LandingPageModel.swift in Sources */,
				3DA1BE672309D54000AA7C09 /* CountryCurrenciesRepositoryImp.swift in Sources */,
				3DA1BE5C2309CED400AA7C09 /* Endpoint.swift in Sources */,
				3DA1BE512309CC6100AA7C09 /* EndpointProxy.swift in Sources */,
				3DA1BE4F2309CC3500AA7C09 /* RateView.swift in Sources */,
				3DA1BE4D2309CC0500AA7C09 /* LandingPageView.swift in Sources */,
				3DA1BE752309D9AC00AA7C09 /* RatesChangeDelegate.swift in Sources */,
				3DA1BE792309DACC00AA7C09 /* RateManagerImp.swift in Sources */,
				3DFD8CE123043BAA003BEFA7 /* ViewController.swift in Sources */,
				3DA1BE6A2309D5A900AA7C09 /* CurrencyToFlagUrlManager.swift in Sources */,
				3DA1BE562309CD2500AA7C09 /* EndpointProxyImp.swift in Sources */,
				3DA1BE732309D97A00AA7C09 /* RateChangeDelegate.swift in Sources */,
				3DA1BE632309D46C00AA7C09 /* RateRepository.swift in Sources */,
				3DA1BE5A2309CE7100AA7C09 /* RateResponse.swift in Sources */,
				3DA1BE4B2309CBD900AA7C09 /* RateModel.swift in Sources */,
				3DA1BE702309D84600AA7C09 /* CurrencyToFlagUrlManagerImp.swift in Sources */,
				3DFD8CDF23043BAA003BEFA7 /* AppDelegate.swift in Sources */,
				3DA1BE6C2309D5FC00AA7C09 /* CurrencyToCountryManager.swift in Sources */,
				3DA1BE472309CA7100AA7C09 /* RateEntity.swift in Sources */,
			);
			runOnlyForDeploymentPostprocessing = 0;
		};
		3DFD8CEB23043BAC003BEFA7 /* Sources */ = {
			isa = PBXSourcesBuildPhase;
			buildActionMask = 2147483647;
			files = (
				3DFD8CF423043BAC003BEFA7 /* CurrencyTests.swift in Sources */,
			);
			runOnlyForDeploymentPostprocessing = 0;
		};
		3DFD8CF623043BAC003BEFA7 /* Sources */ = {
			isa = PBXSourcesBuildPhase;
			buildActionMask = 2147483647;
			files = (
				3DFD8CFF23043BAC003BEFA7 /* CurrencyUITests.swift in Sources */,
			);
			runOnlyForDeploymentPostprocessing = 0;
		};
/* End PBXSourcesBuildPhase section */

/* Begin PBXTargetDependency section */
		3DFD8CF123043BAC003BEFA7 /* PBXTargetDependency */ = {
			isa = PBXTargetDependency;
			target = 3DFD8CDA23043BAA003BEFA7 /* Currency */;
			targetProxy = 3DFD8CF023043BAC003BEFA7 /* PBXContainerItemProxy */;
		};
		3DFD8CFC23043BAC003BEFA7 /* PBXTargetDependency */ = {
			isa = PBXTargetDependency;
			target = 3DFD8CDA23043BAA003BEFA7 /* Currency */;
			targetProxy = 3DFD8CFB23043BAC003BEFA7 /* PBXContainerItemProxy */;
		};
/* End PBXTargetDependency section */

/* Begin PBXVariantGroup section */
		3DFD8CE223043BAA003BEFA7 /* Main.storyboard */ = {
			isa = PBXVariantGroup;
			children = (
				3DFD8CE323043BAA003BEFA7 /* Base */,
			);
			name = Main.storyboard;
			sourceTree = "<group>";
		};
		3DFD8CE723043BAB003BEFA7 /* LaunchScreen.storyboard */ = {
			isa = PBXVariantGroup;
			children = (
				3DFD8CE823043BAB003BEFA7 /* Base */,
			);
			name = LaunchScreen.storyboard;
			sourceTree = "<group>";
		};
/* End PBXVariantGroup section */

/* Begin XCBuildConfiguration section */
		3DFD8D0123043BAC003BEFA7 /* Debug */ = {
			isa = XCBuildConfiguration;
			buildSettings = {
				ALWAYS_SEARCH_USER_PATHS = NO;
				CLANG_ANALYZER_NONNULL = YES;
				CLANG_ANALYZER_NUMBER_OBJECT_CONVERSION = YES_AGGRESSIVE;
				CLANG_CXX_LANGUAGE_STANDARD = "gnu++14";
				CLANG_CXX_LIBRARY = "libc++";
				CLANG_ENABLE_MODULES = YES;
				CLANG_ENABLE_OBJC_ARC = YES;
				CLANG_ENABLE_OBJC_WEAK = YES;
				CLANG_WARN_BLOCK_CAPTURE_AUTORELEASING = YES;
				CLANG_WARN_BOOL_CONVERSION = YES;
				CLANG_WARN_COMMA = YES;
				CLANG_WARN_CONSTANT_CONVERSION = YES;
				CLANG_WARN_DEPRECATED_OBJC_IMPLEMENTATIONS = YES;
				CLANG_WARN_DIRECT_OBJC_ISA_USAGE = YES_ERROR;
				CLANG_WARN_DOCUMENTATION_COMMENTS = YES;
				CLANG_WARN_EMPTY_BODY = YES;
				CLANG_WARN_ENUM_CONVERSION = YES;
				CLANG_WARN_INFINITE_RECURSION = YES;
				CLANG_WARN_INT_CONVERSION = YES;
				CLANG_WARN_NON_LITERAL_NULL_CONVERSION = YES;
				CLANG_WARN_OBJC_IMPLICIT_RETAIN_SELF = YES;
				CLANG_WARN_OBJC_LITERAL_CONVERSION = YES;
				CLANG_WARN_OBJC_ROOT_CLASS = YES_ERROR;
				CLANG_WARN_RANGE_LOOP_ANALYSIS = YES;
				CLANG_WARN_STRICT_PROTOTYPES = YES;
				CLANG_WARN_SUSPICIOUS_MOVE = YES;
				CLANG_WARN_UNGUARDED_AVAILABILITY = YES_AGGRESSIVE;
				CLANG_WARN_UNREACHABLE_CODE = YES;
				CLANG_WARN__DUPLICATE_METHOD_MATCH = YES;
				CODE_SIGN_IDENTITY = "iPhone Developer";
				COPY_PHASE_STRIP = NO;
				DEBUG_INFORMATION_FORMAT = dwarf;
				ENABLE_STRICT_OBJC_MSGSEND = YES;
				ENABLE_TESTABILITY = YES;
				GCC_C_LANGUAGE_STANDARD = gnu11;
				GCC_DYNAMIC_NO_PIC = NO;
				GCC_NO_COMMON_BLOCKS = YES;
				GCC_OPTIMIZATION_LEVEL = 0;
				GCC_PREPROCESSOR_DEFINITIONS = (
					"DEBUG=1",
					"$(inherited)",
				);
				GCC_WARN_64_TO_32_BIT_CONVERSION = YES;
				GCC_WARN_ABOUT_RETURN_TYPE = YES_ERROR;
				GCC_WARN_UNDECLARED_SELECTOR = YES;
				GCC_WARN_UNINITIALIZED_AUTOS = YES_AGGRESSIVE;
				GCC_WARN_UNUSED_FUNCTION = YES;
				GCC_WARN_UNUSED_VARIABLE = YES;
				IPHONEOS_DEPLOYMENT_TARGET = 12.4;
				MTL_ENABLE_DEBUG_INFO = INCLUDE_SOURCE;
				MTL_FAST_MATH = YES;
				ONLY_ACTIVE_ARCH = YES;
				SDKROOT = iphoneos;
				SWIFT_ACTIVE_COMPILATION_CONDITIONS = DEBUG;
				SWIFT_OPTIMIZATION_LEVEL = "-Onone";
			};
			name = Debug;
		};
		3DFD8D0223043BAC003BEFA7 /* Release */ = {
			isa = XCBuildConfiguration;
			buildSettings = {
				ALWAYS_SEARCH_USER_PATHS = NO;
				CLANG_ANALYZER_NONNULL = YES;
				CLANG_ANALYZER_NUMBER_OBJECT_CONVERSION = YES_AGGRESSIVE;
				CLANG_CXX_LANGUAGE_STANDARD = "gnu++14";
				CLANG_CXX_LIBRARY = "libc++";
				CLANG_ENABLE_MODULES = YES;
				CLANG_ENABLE_OBJC_ARC = YES;
				CLANG_ENABLE_OBJC_WEAK = YES;
				CLANG_WARN_BLOCK_CAPTURE_AUTORELEASING = YES;
				CLANG_WARN_BOOL_CONVERSION = YES;
				CLANG_WARN_COMMA = YES;
				CLANG_WARN_CONSTANT_CONVERSION = YES;
				CLANG_WARN_DEPRECATED_OBJC_IMPLEMENTATIONS = YES;
				CLANG_WARN_DIRECT_OBJC_ISA_USAGE = YES_ERROR;
				CLANG_WARN_DOCUMENTATION_COMMENTS = YES;
				CLANG_WARN_EMPTY_BODY = YES;
				CLANG_WARN_ENUM_CONVERSION = YES;
				CLANG_WARN_INFINITE_RECURSION = YES;
				CLANG_WARN_INT_CONVERSION = YES;
				CLANG_WARN_NON_LITERAL_NULL_CONVERSION = YES;
				CLANG_WARN_OBJC_IMPLICIT_RETAIN_SELF = YES;
				CLANG_WARN_OBJC_LITERAL_CONVERSION = YES;
				CLANG_WARN_OBJC_ROOT_CLASS = YES_ERROR;
				CLANG_WARN_RANGE_LOOP_ANALYSIS = YES;
				CLANG_WARN_STRICT_PROTOTYPES = YES;
				CLANG_WARN_SUSPICIOUS_MOVE = YES;
				CLANG_WARN_UNGUARDED_AVAILABILITY = YES_AGGRESSIVE;
				CLANG_WARN_UNREACHABLE_CODE = YES;
				CLANG_WARN__DUPLICATE_METHOD_MATCH = YES;
				CODE_SIGN_IDENTITY = "iPhone Developer";
				COPY_PHASE_STRIP = NO;
				DEBUG_INFORMATION_FORMAT = "dwarf-with-dsym";
				ENABLE_NS_ASSERTIONS = NO;
				ENABLE_STRICT_OBJC_MSGSEND = YES;
				GCC_C_LANGUAGE_STANDARD = gnu11;
				GCC_NO_COMMON_BLOCKS = YES;
				GCC_WARN_64_TO_32_BIT_CONVERSION = YES;
				GCC_WARN_ABOUT_RETURN_TYPE = YES_ERROR;
				GCC_WARN_UNDECLARED_SELECTOR = YES;
				GCC_WARN_UNINITIALIZED_AUTOS = YES_AGGRESSIVE;
				GCC_WARN_UNUSED_FUNCTION = YES;
				GCC_WARN_UNUSED_VARIABLE = YES;
				IPHONEOS_DEPLOYMENT_TARGET = 12.4;
				MTL_ENABLE_DEBUG_INFO = NO;
				MTL_FAST_MATH = YES;
				SDKROOT = iphoneos;
				SWIFT_COMPILATION_MODE = wholemodule;
				SWIFT_OPTIMIZATION_LEVEL = "-O";
				VALIDATE_PRODUCT = YES;
			};
			name = Release;
		};
		3DFD8D0423043BAC003BEFA7 /* Debug */ = {
			isa = XCBuildConfiguration;
			baseConfigurationReference = 81AE61EF3116EA566CE970E4 /* Pods-Currency.debug.xcconfig */;
			buildSettings = {
				ASSETCATALOG_COMPILER_APPICON_NAME = AppIcon;
				CODE_SIGN_STYLE = Automatic;
				INFOPLIST_FILE = Currency/Info.plist;
				LD_RUNPATH_SEARCH_PATHS = (
					"$(inherited)",
					"@executable_path/Frameworks",
				);
				PRODUCT_BUNDLE_IDENTIFIER = org.fs.app.Currency;
				PRODUCT_NAME = "$(TARGET_NAME)";
				SWIFT_VERSION = 5.0;
				TARGETED_DEVICE_FAMILY = "1,2";
			};
			name = Debug;
		};
		3DFD8D0523043BAC003BEFA7 /* Release */ = {
			isa = XCBuildConfiguration;
			baseConfigurationReference = 0E9316D1E9E6996A572C590C /* Pods-Currency.release.xcconfig */;
			buildSettings = {
				ASSETCATALOG_COMPILER_APPICON_NAME = AppIcon;
				CODE_SIGN_STYLE = Automatic;
				INFOPLIST_FILE = Currency/Info.plist;
				LD_RUNPATH_SEARCH_PATHS = (
					"$(inherited)",
					"@executable_path/Frameworks",
				);
				PRODUCT_BUNDLE_IDENTIFIER = org.fs.app.Currency;
				PRODUCT_NAME = "$(TARGET_NAME)";
				SWIFT_VERSION = 5.0;
				TARGETED_DEVICE_FAMILY = "1,2";
			};
			name = Release;
		};
		3DFD8D0723043BAC003BEFA7 /* Debug */ = {
			isa = XCBuildConfiguration;
			baseConfigurationReference = 35300AD3F15E91B3798996F6 /* Pods-CurrencyTests.debug.xcconfig */;
			buildSettings = {
				ALWAYS_EMBED_SWIFT_STANDARD_LIBRARIES = YES;
				BUNDLE_LOADER = "$(TEST_HOST)";
				CODE_SIGN_STYLE = Automatic;
				INFOPLIST_FILE = CurrencyTests/Info.plist;
				LD_RUNPATH_SEARCH_PATHS = (
					"$(inherited)",
					"@executable_path/Frameworks",
					"@loader_path/Frameworks",
				);
				PRODUCT_BUNDLE_IDENTIFIER = org.fs.app.CurrencyTests;
				PRODUCT_NAME = "$(TARGET_NAME)";
				SWIFT_VERSION = 5.0;
				TARGETED_DEVICE_FAMILY = "1,2";
				TEST_HOST = "$(BUILT_PRODUCTS_DIR)/Currency.app/Currency";
			};
			name = Debug;
		};
		3DFD8D0823043BAC003BEFA7 /* Release */ = {
			isa = XCBuildConfiguration;
			baseConfigurationReference = 2BB3BFE04CBA5EE821F84210 /* Pods-CurrencyTests.release.xcconfig */;
			buildSettings = {
				ALWAYS_EMBED_SWIFT_STANDARD_LIBRARIES = YES;
				BUNDLE_LOADER = "$(TEST_HOST)";
				CODE_SIGN_STYLE = Automatic;
				INFOPLIST_FILE = CurrencyTests/Info.plist;
				LD_RUNPATH_SEARCH_PATHS = (
					"$(inherited)",
					"@executable_path/Frameworks",
					"@loader_path/Frameworks",
				);
				PRODUCT_BUNDLE_IDENTIFIER = org.fs.app.CurrencyTests;
				PRODUCT_NAME = "$(TARGET_NAME)";
				SWIFT_VERSION = 5.0;
				TARGETED_DEVICE_FAMILY = "1,2";
				TEST_HOST = "$(BUILT_PRODUCTS_DIR)/Currency.app/Currency";
			};
			name = Release;
		};
		3DFD8D0A23043BAC003BEFA7 /* Debug */ = {
			isa = XCBuildConfiguration;
			baseConfigurationReference = 0A73A3B93FABA9813FFB743A /* Pods-CurrencyUITests.debug.xcconfig */;
			buildSettings = {
				ALWAYS_EMBED_SWIFT_STANDARD_LIBRARIES = YES;
				CODE_SIGN_STYLE = Automatic;
				INFOPLIST_FILE = CurrencyUITests/Info.plist;
				LD_RUNPATH_SEARCH_PATHS = (
					"$(inherited)",
					"@executable_path/Frameworks",
					"@loader_path/Frameworks",
				);
				PRODUCT_BUNDLE_IDENTIFIER = org.fs.app.CurrencyUITests;
				PRODUCT_NAME = "$(TARGET_NAME)";
				SWIFT_VERSION = 5.0;
				TARGETED_DEVICE_FAMILY = "1,2";
				TEST_TARGET_NAME = Currency;
			};
			name = Debug;
		};
		3DFD8D0B23043BAC003BEFA7 /* Release */ = {
			isa = XCBuildConfiguration;
			baseConfigurationReference = 53A615223B0E7798FAD0B6CC /* Pods-CurrencyUITests.release.xcconfig */;
			buildSettings = {
				ALWAYS_EMBED_SWIFT_STANDARD_LIBRARIES = YES;
				CODE_SIGN_STYLE = Automatic;
				INFOPLIST_FILE = CurrencyUITests/Info.plist;
				LD_RUNPATH_SEARCH_PATHS = (
					"$(inherited)",
					"@executable_path/Frameworks",
					"@loader_path/Frameworks",
				);
				PRODUCT_BUNDLE_IDENTIFIER = org.fs.app.CurrencyUITests;
				PRODUCT_NAME = "$(TARGET_NAME)";
				SWIFT_VERSION = 5.0;
				TARGETED_DEVICE_FAMILY = "1,2";
				TEST_TARGET_NAME = Currency;
			};
			name = Release;
		};
/* End XCBuildConfiguration section */

/* Begin XCConfigurationList section */
		3DFD8CD623043BA9003BEFA7 /* Build configuration list for PBXProject "Currency" */ = {
			isa = XCConfigurationList;
			buildConfigurations = (
				3DFD8D0123043BAC003BEFA7 /* Debug */,
				3DFD8D0223043BAC003BEFA7 /* Release */,
			);
			defaultConfigurationIsVisible = 0;
			defaultConfigurationName = Release;
		};
		3DFD8D0323043BAC003BEFA7 /* Build configuration list for PBXNativeTarget "Currency" */ = {
			isa = XCConfigurationList;
			buildConfigurations = (
				3DFD8D0423043BAC003BEFA7 /* Debug */,
				3DFD8D0523043BAC003BEFA7 /* Release */,
			);
			defaultConfigurationIsVisible = 0;
			defaultConfigurationName = Release;
		};
		3DFD8D0623043BAC003BEFA7 /* Build configuration list for PBXNativeTarget "CurrencyTests" */ = {
			isa = XCConfigurationList;
			buildConfigurations = (
				3DFD8D0723043BAC003BEFA7 /* Debug */,
				3DFD8D0823043BAC003BEFA7 /* Release */,
			);
			defaultConfigurationIsVisible = 0;
			defaultConfigurationName = Release;
		};
		3DFD8D0923043BAC003BEFA7 /* Build configuration list for PBXNativeTarget "CurrencyUITests" */ = {
			isa = XCConfigurationList;
			buildConfigurations = (
				3DFD8D0A23043BAC003BEFA7 /* Debug */,
				3DFD8D0B23043BAC003BEFA7 /* Release */,
			);
			defaultConfigurationIsVisible = 0;
			defaultConfigurationName = Release;
		};
/* End XCConfigurationList section */
	};
	rootObject = 3DFD8CD323043BA9003BEFA7 /* Project object */;
}
